
Microsoft Visual Studio Solution File, Format Version 12.00
# Visual Studio Version 17
VisualStudioVersion = 17.2.32526.322
MinimumVisualStudioVersion = 10.0.40219.1
Project("{FAE04EC0-301F-11D3-BF4B-00C04F79EFBC}") = "ImageJudgment", "ImageJudgment.csproj", "{20E24EFD-23E9-42CC-A7B9-5239E0415DCE}"
EndProject
Global
	GlobalSection(SolutionConfigurationPlatforms) = preSolution
		Debug|Any CPU = Debug|Any CPU
		Release|Any CPU = Release|Any CPU
	EndGlobalSection
	GlobalSection(ProjectConfigurationPlatforms) = postSolution
		{20E24EFD-23E9-42CC-A7B9-5239E0415DCE}.Debug|Any CPU.ActiveCfg = Debug|Any CPU
		{20E24EFD-23E9-42CC-A7B9-5239E0415DCE}.Debug|Any CPU.Build.0 = Debug|Any CPU
		{20E24EFD-23E9-42CC-A7B9-5239E0415DCE}.Release|Any CPU.ActiveCfg = Release|Any CPU
		{20E24EFD-23E9-42CC-A7B9-5239E0415DCE}.Release|Any CPU.Build.0 = Release|Any CPU
	EndGlobalSection
	GlobalSection(SolutionProperties) = preSolution
		HideSolutionNode = FALSE
	EndGlobalSection
	GlobalSection(ExtensibilityGlobals) = postSolution
		SolutionGuid = {3A0E8B06-BFA6-4EA0-889B-129ACDB2CD83}
	EndGlobalSection
EndGlobal
